<?xml version="1.0" encoding="utf-8"?>
<Project ToolsVersion="4.0" xmlns="http://schemas.microsoft.com/developer/msbuild/2003">
  <ItemGroup>
    <Filter Include="Source Files">
      <UniqueIdentifier>{4FC737F1-C7A5-4376-A066-2A32D752A2FF}</UniqueIdentifier>
      <Extensions>qml;cpp;c;cc;cxx;def;odl;idl;hpj;bat;asm;asmx</Extensions>
    </Filter>
    <Filter Include="Header Files">
      <UniqueIdentifier>{93995380-89BD-4b04-88EB-625FBE52EBFB}</UniqueIdentifier>
      <Extensions>h;hh;hpp;hxx;hm;inl;inc;xsd</Extensions>
    </Filter>
    <Filter Include="Resource Files">
      <UniqueIdentifier>{67DA6AB6-F800-4c08-8B7A-83BB121AAD01}</UniqueIdentifier>
      <Extensions>qrc;rc;ico;cur;bmp;dlg;rc2;rct;bin;rgs;gif;jpg;jpeg;jpe;resx;tiff;tif;png;wav;mfcribbon-ms</Extensions>
    </Filter>
    <Filter Include="Form Files">
      <UniqueIdentifier>{99349809-55BA-4b9d-BF79-8FDBB0286EB3}</UniqueIdentifier>
      <Extensions>ui</Extensions>
    </Filter>
    <Filter Include="Translation Files">
      <UniqueIdentifier>{639EADAA-A684-42e4-A9AD-28FC9BCB8F7C}</UniqueIdentifier>
      <Extensions>ts</Extensions>
    </Filter>
    <Filter Include="3rdParty">
      <UniqueIdentifier>{df4969c4-e463-48a8-927a-f760fb5a2815}</UniqueIdentifier>
    </Filter>
  </ItemGroup>
  <ItemGroup>
    <ClCompile Include="Src\Clustering\AHCClustering.cpp">
      <Filter>Source Files</Filter>
    </ClCompile>
    <ClCompile Include="Src\Clustering\Clustering.cpp">
      <Filter>Source Files</Filter>
    </ClCompile>
    <ClCompile Include="Src\Clustering\DBSCANClustering.cpp">
      <Filter>Source Files</Filter>
    </ClCompile>
    <ClCompile Include="Src\Clustering\DensityBasedClustering.cpp">
      <Filter>Source Files</Filter>
    </ClCompile>
    <ClCompile Include="Src\Clustering\KMeansClustering.cpp">
      <Filter>Source Files</Filter>
    </ClCompile>
    <ClCompile Include="Src\Clustering\OPTICSClustering.cpp">
      <Filter>Source Files</Filter>
    </ClCompile>
    <ClCompile Include="Src\Data Models\ArtificialModel.cpp">
      <Filter>Source Files</Filter>
    </ClCompile>
    <ClCompile Include="Src\Data Models\DataField.cpp">
      <Filter>Source Files</Filter>
    </ClCompile>
    <ClCompile Include="Src\Data Models\FeatureSet.cpp">
      <Filter>Source Files</Filter>
    </ClCompile>
    <ClCompile Include="Src\Data Models\GridFrame.cpp">
      <Filter>Source Files</Filter>
    </ClCompile>
    <ClCompile Include="Src\Data Models\MeteModel.cpp">
      <Filter>Source Files</Filter>
    </ClCompile>
    <ClCompile Include="Src\Data Models\TimeStep.cpp">
      <Filter>Source Files</Filter>
    </ClCompile>
    <ClCompile Include="Src\DR\MyPCA.cpp">
      <Filter>Source Files</Filter>
    </ClCompile>
    <ClCompile Include="Src\Framework\EnsembleLayer.cpp">
      <Filter>Source Files</Filter>
    </ClCompile>
    <ClCompile Include="Src\Framework\main.cpp">
      <Filter>Source Files</Filter>
    </ClCompile>
    <ClCompile Include="Src\Framework\MainWindow.cpp">
      <Filter>Source Files</Filter>
    </ClCompile>
    <ClCompile Include="Src\Framework\MyGLOperator.cpp">
      <Filter>Source Files</Filter>
    </ClCompile>
    <ClCompile Include="Src\Framework\MyGLWidget.cpp">
      <Filter>Source Files</Filter>
    </ClCompile>
    <ClCompile Include="Src\Framework\MyGLWidgetBase.cpp">
      <Filter>Source Files</Filter>
    </ClCompile>
    <ClCompile Include="Src\Framework\MyMapWidget.cpp">
      <Filter>Source Files</Filter>
    </ClCompile>
    <ClCompile Include="Src\Fundamental\BandTesser.cpp">
      <Filter>Source Files</Filter>
    </ClCompile>
    <ClCompile Include="Src\Fundamental\ColorMap.cpp">
      <Filter>Source Files</Filter>
    </ClCompile>
    <ClCompile Include="Src\Fundamental\ContourBandGenerator.cpp">
      <Filter>Source Files</Filter>
    </ClCompile>
    <ClCompile Include="Src\Fundamental\CostLineLayer.cpp">
      <Filter>Source Files</Filter>
    </ClCompile>
    <ClCompile Include="Src\Fundamental\GLFont.cpp">
      <Filter>Source Files</Filter>
    </ClCompile>
    <ClCompile Include="Src\Fundamental\MathTool.cpp">
      <Filter>Source Files</Filter>
    </ClCompile>
    <ClCompile Include="Src\Fundamental\MeteLayer.cpp">
      <Filter>Source Files</Filter>
    </ClCompile>
    <ClCompile Include="Src\Fundamental\Timer.cpp">
      <Filter>Source Files</Filter>
    </ClCompile>
    <ClCompile Include="Src\Fundamental\UnCertaintyArea.cpp">
      <Filter>Source Files</Filter>
    </ClCompile>
    <ClCompile Include="Src\Topological\ContourGenerator.cpp">
      <Filter>Source Files</Filter>
    </ClCompile>
    <ClCompile Include="Src\UIs\DisplayCtrlWidget.cpp">
      <Filter>Source Files</Filter>
    </ClCompile>
    <ClCompile Include="Src\UIs\MyChartWidget.cpp">
      <Filter>Source Files</Filter>
    </ClCompile>
    <ClCompile Include="Src\Vis Methods\ContourBoxplots.cpp">
      <Filter>Source Files</Filter>
    </ClCompile>
    <ClCompile Include="Src\Vis Methods\ContourProbabilityPlots.cpp">
      <Filter>Source Files</Filter>
    </ClCompile>
    <ClCompile Include="Src\Vis Methods\EnConVis.cpp">
      <Filter>Source Files</Filter>
    </ClCompile>
    <ClCompile Include="Src\Vis Methods\GeneralPlots.cpp">
      <Filter>Source Files</Filter>
    </ClCompile>
    <ClCompile Include="Src\Vis Methods\IsoContourDensityPlots.cpp">
      <Filter>Source Files</Filter>
    </ClCompile>
    <ClCompile Include="Src\Vis Methods\SpaghettiPlot.cpp">
      <Filter>Source Files</Filter>
    </ClCompile>
    <ClCompile Include="Src\Vis Methods\VariabilityPlots.cpp">
      <Filter>Source Files</Filter>
    </ClCompile>
    <ClCompile Include="Src\3rdParty\mathtoolbox\classical-mds.cpp">
      <Filter>3rdParty</Filter>
    </ClCompile>
  </ItemGroup>
  <ItemGroup>
    <ClInclude Include="Src\Clustering\AHCClustering.h">
      <Filter>Header Files</Filter>
    </ClInclude>
    <ClInclude Include="Src\Clustering\Clustering.h">
      <Filter>Header Files</Filter>
    </ClInclude>
    <ClInclude Include="Src\Clustering\DBSCANClustering.h">
      <Filter>Header Files</Filter>
    </ClInclude>
    <ClInclude Include="Src\Clustering\DensityBasedClustering.h">
      <Filter>Header Files</Filter>
    </ClInclude>
    <ClInclude Include="Src\Clustering\KMeansClustering.h">
      <Filter>Header Files</Filter>
    </ClInclude>
    <ClInclude Include="Src\Clustering\OPTICSClustering.h">
      <Filter>Header Files</Filter>
    </ClInclude>
    <ClInclude Include="Src\Data Models\ArtificialModel.h">
      <Filter>Header Files</Filter>
    </ClInclude>
    <ClInclude Include="Src\Data Models\DataField.h">
      <Filter>Header Files</Filter>
    </ClInclude>
    <ClInclude Include="Src\Data Models\FeatureSet.h">
      <Filter>Header Files</Filter>
    </ClInclude>
    <ClInclude Include="Src\Data Models\GridFrame.h">
      <Filter>Header Files</Filter>
    </ClInclude>
    <ClInclude Include="Src\Data Models\TimeStep.h">
      <Filter>Header Files</Filter>
    </ClInclude>
    <ClInclude Include="Src\DR\MyPCA.h">
      <Filter>Header Files</Filter>
    </ClInclude>
    <ClInclude Include="Src\Framework\EnsembleLayer.h">
      <Filter>Header Files</Filter>
    </ClInclude>
    <ClInclude Include="Src\Framework\MyGLOperator.h">
      <Filter>Header Files</Filter>
    </ClInclude>
    <ClInclude Include="Src\Framework\Switch.h">
      <Filter>Header Files</Filter>
    </ClInclude>
    <ClInclude Include="Src\Fundamental\BandTesser.h">
      <Filter>Header Files</Filter>
    </ClInclude>
    <ClInclude Include="Src\Fundamental\ColorMap.h">
      <Filter>Header Files</Filter>
    </ClInclude>
    <ClInclude Include="Src\Fundamental\ContourBandGenerator.h">
      <Filter>Header Files</Filter>
    </ClInclude>
    <ClInclude Include="Src\Fundamental\CostLineLayer.h">
      <Filter>Header Files</Filter>
    </ClInclude>
    <ClInclude Include="Src\Fundamental\def.h">
      <Filter>Header Files</Filter>
    </ClInclude>
    <ClInclude Include="Src\Fundamental\GLFont.h">
      <Filter>Header Files</Filter>
    </ClInclude>
    <ClInclude Include="Src\Fundamental\LayerLayout.h">
      <Filter>Header Files</Filter>
    </ClInclude>
    <ClInclude Include="Src\Fundamental\MathTool.h">
      <Filter>Header Files</Filter>
    </ClInclude>
    <ClInclude Include="Src\Fundamental\MathTypes.hpp">
      <Filter>Header Files</Filter>
    </ClInclude>
    <ClInclude Include="Src\Fundamental\MeteLayer.h">
      <Filter>Header Files</Filter>
    </ClInclude>
    <ClInclude Include="Src\Fundamental\Timer.h">
      <Filter>Header Files</Filter>
    </ClInclude>
    <ClInclude Include="Src\Fundamental\UnCertaintyArea.h">
      <Filter>Header Files</Filter>
    </ClInclude>
    <ClInclude Include="Src\Topological\BasicStruct.h">
      <Filter>Header Files</Filter>
    </ClInclude>
    <ClInclude Include="Src\Topological\ContourGenerator.h">
      <Filter>Header Files</Filter>
    </ClInclude>
    <ClInclude Include="Src\Vis Methods\ContourBoxplots.h">
      <Filter>Header Files</Filter>
    </ClInclude>
    <ClInclude Include="Src\Vis Methods\ContourProbabilityPlots.h">
      <Filter>Header Files</Filter>
    </ClInclude>
    <ClInclude Include="Src\Vis Methods\EnConVis.h">
      <Filter>Header Files</Filter>
    </ClInclude>
    <ClInclude Include="Src\Vis Methods\GeneralPlots.h">
      <Filter>Header Files</Filter>
    </ClInclude>
    <ClInclude Include="Src\Vis Methods\IsoContourDensityPlots.h">
      <Filter>Header Files</Filter>
    </ClInclude>
    <ClInclude Include="Src\Vis Methods\SpaghettiPlot.h">
      <Filter>Header Files</Filter>
    </ClInclude>
    <ClInclude Include="Src\Vis Methods\VariabilityPlots.h">
      <Filter>Header Files</Filter>
    </ClInclude>
    <ClInclude Include="Src\tnt\tnt.h">
      <Filter>Header Files</Filter>
    </ClInclude>
    <ClInclude Include="Src\tnt\tnt_array1d.h">
      <Filter>Header Files</Filter>
    </ClInclude>
    <ClInclude Include="Src\tnt\tnt_array1d_utils.h">
      <Filter>Header Files</Filter>
    </ClInclude>
    <ClInclude Include="Src\tnt\tnt_array2d.h">
      <Filter>Header Files</Filter>
    </ClInclude>
    <ClInclude Include="Src\tnt\tnt_array2d_utils.h">
      <Filter>Header Files</Filter>
    </ClInclude>
    <ClInclude Include="Src\tnt\tnt_array3d.h">
      <Filter>Header Files</Filter>
    </ClInclude>
    <ClInclude Include="Src\tnt\tnt_array3d_utils.h">
      <Filter>Header Files</Filter>
    </ClInclude>
    <ClInclude Include="Src\tnt\tnt_cmat.h">
      <Filter>Header Files</Filter>
    </ClInclude>
    <ClInclude Include="Src\tnt\tnt_fortran_array1d.h">
      <Filter>Header Files</Filter>
    </ClInclude>
    <ClInclude Include="Src\tnt\tnt_fortran_array1d_utils.h">
      <Filter>Header Files</Filter>
    </ClInclude>
    <ClInclude Include="Src\tnt\tnt_fortran_array2d.h">
      <Filter>Header Files</Filter>
    </ClInclude>
    <ClInclude Include="Src\tnt\tnt_fortran_array2d_utils.h">
      <Filter>Header Files</Filter>
    </ClInclude>
    <ClInclude Include="Src\tnt\tnt_fortran_array3d.h">
      <Filter>Header Files</Filter>
    </ClInclude>
    <ClInclude Include="Src\tnt\tnt_fortran_array3d_utils.h">
      <Filter>Header Files</Filter>
    </ClInclude>
    <ClInclude Include="Src\tnt\tnt_i_refvec.h">
      <Filter>Header Files</Filter>
    </ClInclude>
    <ClInclude Include="Src\tnt\tnt_math_utils.h">
      <Filter>Header Files</Filter>
    </ClInclude>
    <ClInclude Include="Src\tnt\tnt_sparse_matrix_csr.h">
      <Filter>Header Files</Filter>
    </ClInclude>
    <ClInclude Include="Src\tnt\tnt_stopwatch.h">
      <Filter>Header Files</Filter>
    </ClInclude>
    <ClInclude Include="Src\tnt\tnt_subscript.h">
      <Filter>Header Files</Filter>
    </ClInclude>
    <ClInclude Include="Src\tnt\tnt_vec.h">
      <Filter>Header Files</Filter>
    </ClInclude>
    <ClInclude Include="Src\tnt\tnt_version.h">
      <Filter>Header Files</Filter>
    </ClInclude>
    <ClInclude Include="Src\3rdParty\INIreader.hpp">
      <Filter>Header Files</Filter>
    </ClInclude>
    <ClInclude Include="Src\3rdParty\mathtoolbox\classical-mds.hpp">
      <Filter>3rdParty</Filter>
    </ClInclude>
  </ItemGroup>
  <ItemGroup>
    <QtMoc Include="Src\Data Models\MeteModel.h">
      <Filter>Header Files</Filter>
    </QtMoc>
    <QtMoc Include="Src\Framework\MainWindow.h">
      <Filter>Header Files</Filter>
    </QtMoc>
    <QtMoc Include="Src\Framework\MyGLWidget.h">
      <Filter>Header Files</Filter>
    </QtMoc>
    <QtMoc Include="Src\Framework\MyGLWidgetBase.h">
      <Filter>Header Files</Filter>
    </QtMoc>
    <QtMoc Include="Src\Framework\MyMapWidget.h">
      <Filter>Header Files</Filter>
    </QtMoc>
    <QtMoc Include="Src\UIs\DisplayCtrlWidget.h">
      <Filter>Header Files</Filter>
    </QtMoc>
    <QtMoc Include="Src\UIs\MyChartWidget.h">
      <Filter>Header Files</Filter>
    </QtMoc>
  </ItemGroup>
</Project>